{
  "name": "advent-of-code",
  "version": "1.0.0",
  "lockfileVersion": 3,
  "requires": true,
  "packages": {
    "": {
      "name": "advent-of-code",
      "version": "1.0.0",
      "license": "ISC",
      "dependencies": {
        "@commander-js/extra-typings": "^12.1.0",
        "amemo": "../amemo",
        "colors": "^1.4.0",
        "commander": "^12.1.0",
        "three": "^0.171.0"
      }
    },
    "../amemo": {
      "version": "2.0.0",
      "license": "MIT",
      "devDependencies": {
        "@babel/core": "^7.24.4",
        "@babel/preset-env": "^7.24.4",
        "@babel/preset-typescript": "^7.24.1",
        "@jest/globals": "^29.7.0",
        "@typescript-eslint/eslint-plugin": "^7.5.0",
        "@typescript-eslint/parser": "^7.5.0",
        "babel-jest": "^29.7.0",
        "esbuild": "^0.20.2",
        "eslint": "^8.56.0",
        "jest": "^29.7.0",
        "jest-mock": "^29.7.0",
        "make-coverage-badge": "^1.2.0",
        "prettier": "^3.2.5",
        "standard-version": "^9.5.0",
        "ts-node": "^10.9.2",
        "typescript": "^5.4.4"
      }
    },
    "node_modules/@commander-js/extra-typings": {
      "version": "12.1.0",
      "resolved": "https://registry.npmjs.org/@commander-js/extra-typings/-/extra-typings-12.1.0.tgz",
      "integrity": "sha512-wf/lwQvWAA0goIghcb91dQYpkLBcyhOhQNqG/VgWhnKzgt+UOMvra7EX/2fv70arm5RW+PUHoQHHDa6/p77Eqg==",
      "license": "MIT",
      "peerDependencies": {
        "commander": "~12.1.0"
      }
    },
    "node_modules/amemo": {
      "resolved": "../amemo",
      "link": true
    },
    "node_modules/colors": {
      "version": "1.4.0",
      "resolved": "https://registry.npmjs.org/colors/-/colors-1.4.0.tgz",
      "integrity": "sha512-a+UqTh4kgZg/SlGvfbzDHpgRu7AAQOmmqRHJnxhRZICKFUT91brVhNNt58CMWU9PsBbv3PDCZUHbVxuDiH2mtA==",
      "license": "MIT",
      "engines": {
        "node": ">=0.1.90"
      }
    },
    "node_modules/commander": {
      "version": "12.1.0",
      "resolved": "https://registry.npmjs.org/commander/-/commander-12.1.0.tgz",
      "integrity": "sha512-Vw8qHK3bZM9y/P10u3Vib8o/DdkvA2OtPtZvD871QKjy74Wj1WSKFILMPRPSdUSx5RFK1arlJzEtA4PkFgnbuA==",
      "license": "MIT",
      "engines": {
        "node": ">=18"
      }
    },
    "node_modules/three": {
      "version": "0.171.0",
      "resolved": "https://registry.npmjs.org/three/-/three-0.171.0.tgz",
      "integrity": "sha512-Y/lAXPaKZPcEdkKjh0JOAHVv8OOnv/NDJqm0wjfCzyQmfKxV7zvkwsnBgPBKTzJHToSOhRGQAGbPJObT59B/PQ==",
      "license": "MIT"
    }
  }
}
